// !$*UTF8*$!
{
	archiveVersion = 1;
	classes = {
	};
	objectVersion = 46;
	objects = {

/* Begin PBXBuildFile section */
		A473E2CE15E90ED500F2B4AF /* STRCustomer.m in Sources */ = {isa = PBXBuildFile; fileRef = A473E2CD15E90ED500F2B4AF /* STRCustomer.m */; };
		A473E2D215E90FC600F2B4AF /* STRCard.m in Sources */ = {isa = PBXBuildFile; fileRef = A473E2D115E90FC600F2B4AF /* STRCard.m */; };
		A473E2DD15E919DB00F2B4AF /* STRCustomersViewController.m in Sources */ = {isa = PBXBuildFile; fileRef = A473E2DB15E919DB00F2B4AF /* STRCustomersViewController.m */; };
		A473E2DE15E919DB00F2B4AF /* STRCustomersViewController.xib in Resources */ = {isa = PBXBuildFile; fileRef = A473E2DC15E919DB00F2B4AF /* STRCustomersViewController.xib */; };
		A473E2E315E9293E00F2B4AF /* STRLoadingView.m in Sources */ = {isa = PBXBuildFile; fileRef = A473E2E215E9293E00F2B4AF /* STRLoadingView.m */; };
		A473E2E715E9387D00F2B4AF /* STRCharge.m in Sources */ = {isa = PBXBuildFile; fileRef = A473E2E615E9387D00F2B4AF /* STRCharge.m */; };
		A473E2F015E94A6000F2B4AF /* STRCustomerChargesViewController.m in Sources */ = {isa = PBXBuildFile; fileRef = A473E2EE15E94A6000F2B4AF /* STRCustomerChargesViewController.m */; };
		A473E2F115E94A6000F2B4AF /* STRCustomerChargesViewController.xib in Resources */ = {isa = PBXBuildFile; fileRef = A473E2EF15E94A6000F2B4AF /* STRCustomerChargesViewController.xib */; };
		A473E2F615E9546200F2B4AF /* STRNewCustomerChargeViewController.m in Sources */ = {isa = PBXBuildFile; fileRef = A473E2F415E9546200F2B4AF /* STRNewCustomerChargeViewController.m */; };
		A473E2F715E9546200F2B4AF /* STRNewCustomerChargeViewController.xib in Resources */ = {isa = PBXBuildFile; fileRef = A473E2F515E9546200F2B4AF /* STRNewCustomerChargeViewController.xib */; };
		A473E2F915E960A200F2B4AF /* StripePublishableKey in Resources */ = {isa = PBXBuildFile; fileRef = A473E2F815E960A200F2B4AF /* StripePublishableKey */; };
		A473E2FB15E9622C00F2B4AF /* README.md in Resources */ = {isa = PBXBuildFile; fileRef = A473E2FA15E9622C00F2B4AF /* README.md */; };
		A482DA4115E8E055004ED689 /* UIKit.framework in Frameworks */ = {isa = PBXBuildFile; fileRef = A482DA4015E8E055004ED689 /* UIKit.framework */; };
		A482DA4315E8E055004ED689 /* Foundation.framework in Frameworks */ = {isa = PBXBuildFile; fileRef = A482DA4215E8E055004ED689 /* Foundation.framework */; };
		A482DA4515E8E055004ED689 /* CoreGraphics.framework in Frameworks */ = {isa = PBXBuildFile; fileRef = A482DA4415E8E055004ED689 /* CoreGraphics.framework */; };
		A482DA4B15E8E055004ED689 /* InfoPlist.strings in Resources */ = {isa = PBXBuildFile; fileRef = A482DA4915E8E055004ED689 /* InfoPlist.strings */; };
		A482DA4D15E8E055004ED689 /* main.m in Sources */ = {isa = PBXBuildFile; fileRef = A482DA4C15E8E055004ED689 /* main.m */; };
		A482DA5115E8E055004ED689 /* STRAppDelegate.m in Sources */ = {isa = PBXBuildFile; fileRef = A482DA5015E8E055004ED689 /* STRAppDelegate.m */; };
		A482DA6F15E8E3D5004ED689 /* AFHTTPClient.m in Sources */ = {isa = PBXBuildFile; fileRef = A482DA5B15E8E3D5004ED689 /* AFHTTPClient.m */; settings = {COMPILER_FLAGS = "-fno-objc-arc"; }; };
		A482DA7015E8E3D5004ED689 /* AFHTTPRequestOperation.m in Sources */ = {isa = PBXBuildFile; fileRef = A482DA5D15E8E3D5004ED689 /* AFHTTPRequestOperation.m */; settings = {COMPILER_FLAGS = "-fno-objc-arc"; }; };
		A482DA7115E8E3D5004ED689 /* AFImageRequestOperation.m in Sources */ = {isa = PBXBuildFile; fileRef = A482DA5F15E8E3D5004ED689 /* AFImageRequestOperation.m */; settings = {COMPILER_FLAGS = "-fno-objc-arc"; }; };
		A482DA7215E8E3D5004ED689 /* AFJSONRequestOperation.m in Sources */ = {isa = PBXBuildFile; fileRef = A482DA6115E8E3D5004ED689 /* AFJSONRequestOperation.m */; settings = {COMPILER_FLAGS = "-fno-objc-arc"; }; };
		A482DA7315E8E3D5004ED689 /* AFJSONUtilities.m in Sources */ = {isa = PBXBuildFile; fileRef = A482DA6315E8E3D5004ED689 /* AFJSONUtilities.m */; settings = {COMPILER_FLAGS = "-fno-objc-arc"; }; };
		A482DA7415E8E3D5004ED689 /* AFNetworkActivityIndicatorManager.m in Sources */ = {isa = PBXBuildFile; fileRef = A482DA6515E8E3D5004ED689 /* AFNetworkActivityIndicatorManager.m */; settings = {COMPILER_FLAGS = "-fno-objc-arc"; }; };
		A482DA7515E8E3D5004ED689 /* AFPropertyListRequestOperation.m in Sources */ = {isa = PBXBuildFile; fileRef = A482DA6815E8E3D5004ED689 /* AFPropertyListRequestOperation.m */; settings = {COMPILER_FLAGS = "-fno-objc-arc"; }; };
		A482DA7615E8E3D5004ED689 /* AFURLConnectionOperation.m in Sources */ = {isa = PBXBuildFile; fileRef = A482DA6A15E8E3D5004ED689 /* AFURLConnectionOperation.m */; settings = {COMPILER_FLAGS = "-fno-objc-arc"; }; };
		A482DA7715E8E3D5004ED689 /* AFXMLRequestOperation.m in Sources */ = {isa = PBXBuildFile; fileRef = A482DA6C15E8E3D5004ED689 /* AFXMLRequestOperation.m */; settings = {COMPILER_FLAGS = "-fno-objc-arc"; }; };
		A482DA7815E8E3D5004ED689 /* UIImageView+AFNetworking.m in Sources */ = {isa = PBXBuildFile; fileRef = A482DA6E15E8E3D5004ED689 /* UIImageView+AFNetworking.m */; settings = {COMPILER_FLAGS = "-fno-objc-arc"; }; };
		A482DA7B15E8E497004ED689 /* STRStripeHTTPClient.m in Sources */ = {isa = PBXBuildFile; fileRef = A482DA7A15E8E497004ED689 /* STRStripeHTTPClient.m */; };
/* End PBXBuildFile section */

/* Begin PBXFileReference section */
		A473E2CC15E90ED500F2B4AF /* STRCustomer.h */ = {isa = PBXFileReference; fileEncoding = 4; lastKnownFileType = sourcecode.c.h; path = STRCustomer.h; sourceTree = "<group>"; };
		A473E2CD15E90ED500F2B4AF /* STRCustomer.m */ = {isa = PBXFileReference; fileEncoding = 4; lastKnownFileType = sourcecode.c.objc; path = STRCustomer.m; sourceTree = "<group>"; };
		A473E2D015E90FC600F2B4AF /* STRCard.h */ = {isa = PBXFileReference; fileEncoding = 4; lastKnownFileType = sourcecode.c.h; path = STRCard.h; sourceTree = "<group>"; };
		A473E2D115E90FC600F2B4AF /* STRCard.m */ = {isa = PBXFileReference; fileEncoding = 4; lastKnownFileType = sourcecode.c.objc; path = STRCard.m; sourceTree = "<group>"; };
		A473E2DA15E919DB00F2B4AF /* STRCustomersViewController.h */ = {isa = PBXFileReference; fileEncoding = 4; lastKnownFileType = sourcecode.c.h; path = STRCustomersViewController.h; sourceTree = "<group>"; };
		A473E2DB15E919DB00F2B4AF /* STRCustomersViewController.m */ = {isa = PBXFileReference; fileEncoding = 4; lastKnownFileType = sourcecode.c.objc; path = STRCustomersViewController.m; sourceTree = "<group>"; };
		A473E2DC15E919DB00F2B4AF /* STRCustomersViewController.xib */ = {isa = PBXFileReference; fileEncoding = 4; lastKnownFileType = file.xib; path = STRCustomersViewController.xib; sourceTree = "<group>"; };
		A473E2E115E9293E00F2B4AF /* STRLoadingView.h */ = {isa = PBXFileReference; fileEncoding = 4; lastKnownFileType = sourcecode.c.h; path = STRLoadingView.h; sourceTree = "<group>"; };
		A473E2E215E9293E00F2B4AF /* STRLoadingView.m */ = {isa = PBXFileReference; fileEncoding = 4; lastKnownFileType = sourcecode.c.objc; path = STRLoadingView.m; sourceTree = "<group>"; };
		A473E2E515E9387D00F2B4AF /* STRCharge.h */ = {isa = PBXFileReference; fileEncoding = 4; lastKnownFileType = sourcecode.c.h; path = STRCharge.h; sourceTree = "<group>"; };
		A473E2E615E9387D00F2B4AF /* STRCharge.m */ = {isa = PBXFileReference; fileEncoding = 4; lastKnownFileType = sourcecode.c.objc; path = STRCharge.m; sourceTree = "<group>"; };
		A473E2ED15E94A6000F2B4AF /* STRCustomerChargesViewController.h */ = {isa = PBXFileReference; fileEncoding = 4; lastKnownFileType = sourcecode.c.h; path = STRCustomerChargesViewController.h; sourceTree = "<group>"; };
		A473E2EE15E94A6000F2B4AF /* STRCustomerChargesViewController.m */ = {isa = PBXFileReference; fileEncoding = 4; lastKnownFileType = sourcecode.c.objc; path = STRCustomerChargesViewController.m; sourceTree = "<group>"; };
		A473E2EF15E94A6000F2B4AF /* STRCustomerChargesViewController.xib */ = {isa = PBXFileReference; fileEncoding = 4; lastKnownFileType = file.xib; path = STRCustomerChargesViewController.xib; sourceTree = "<group>"; };
		A473E2F315E9546200F2B4AF /* STRNewCustomerChargeViewController.h */ = {isa = PBXFileReference; fileEncoding = 4; lastKnownFileType = sourcecode.c.h; path = STRNewCustomerChargeViewController.h; sourceTree = "<group>"; };
		A473E2F415E9546200F2B4AF /* STRNewCustomerChargeViewController.m */ = {isa = PBXFileReference; fileEncoding = 4; lastKnownFileType = sourcecode.c.objc; path = STRNewCustomerChargeViewController.m; sourceTree = "<group>"; };
		A473E2F515E9546200F2B4AF /* STRNewCustomerChargeViewController.xib */ = {isa = PBXFileReference; fileEncoding = 4; lastKnownFileType = file.xib; path = STRNewCustomerChargeViewController.xib; sourceTree = "<group>"; };
		A473E2F815E960A200F2B4AF /* StripePublishableKey */ = {isa = PBXFileReference; fileEncoding = 4; lastKnownFileType = text; path = StripePublishableKey; sourceTree = "<group>"; };
		A473E2FA15E9622C00F2B4AF /* README.md */ = {isa = PBXFileReference; fileEncoding = 4; lastKnownFileType = text; path = README.md; sourceTree = "<group>"; };
		A482DA3C15E8E055004ED689 /* StripeDemo.app */ = {isa = PBXFileReference; explicitFileType = wrapper.application; includeInIndex = 0; path = StripeDemo.app; sourceTree = BUILT_PRODUCTS_DIR; };
		A482DA4015E8E055004ED689 /* UIKit.framework */ = {isa = PBXFileReference; lastKnownFileType = wrapper.framework; name = UIKit.framework; path = System/Library/Frameworks/UIKit.framework; sourceTree = SDKROOT; };
		A482DA4215E8E055004ED689 /* Foundation.framework */ = {isa = PBXFileReference; lastKnownFileType = wrapper.framework; name = Foundation.framework; path = System/Library/Frameworks/Foundation.framework; sourceTree = SDKROOT; };
		A482DA4415E8E055004ED689 /* CoreGraphics.framework */ = {isa = PBXFileReference; lastKnownFileType = wrapper.framework; name = CoreGraphics.framework; path = System/Library/Frameworks/CoreGraphics.framework; sourceTree = SDKROOT; };
		A482DA4815E8E055004ED689 /* StripeDemo-Info.plist */ = {isa = PBXFileReference; lastKnownFileType = text.plist.xml; path = "StripeDemo-Info.plist"; sourceTree = "<group>"; };
		A482DA4A15E8E055004ED689 /* en */ = {isa = PBXFileReference; lastKnownFileType = text.plist.strings; name = en; path = en.lproj/InfoPlist.strings; sourceTree = "<group>"; };
		A482DA4C15E8E055004ED689 /* main.m */ = {isa = PBXFileReference; lastKnownFileType = sourcecode.c.objc; path = main.m; sourceTree = "<group>"; };
		A482DA4E15E8E055004ED689 /* StripeDemo-Prefix.pch */ = {isa = PBXFileReference; lastKnownFileType = sourcecode.c.h; path = "StripeDemo-Prefix.pch"; sourceTree = "<group>"; };
		A482DA4F15E8E055004ED689 /* STRAppDelegate.h */ = {isa = PBXFileReference; lastKnownFileType = sourcecode.c.h; path = STRAppDelegate.h; sourceTree = "<group>"; };
		A482DA5015E8E055004ED689 /* STRAppDelegate.m */ = {isa = PBXFileReference; lastKnownFileType = sourcecode.c.objc; path = STRAppDelegate.m; sourceTree = "<group>"; };
		A482DA5A15E8E3D5004ED689 /* AFHTTPClient.h */ = {isa = PBXFileReference; fileEncoding = 4; lastKnownFileType = sourcecode.c.h; path = AFHTTPClient.h; sourceTree = "<group>"; };
		A482DA5B15E8E3D5004ED689 /* AFHTTPClient.m */ = {isa = PBXFileReference; fileEncoding = 4; lastKnownFileType = sourcecode.c.objc; path = AFHTTPClient.m; sourceTree = "<group>"; };
		A482DA5C15E8E3D5004ED689 /* AFHTTPRequestOperation.h */ = {isa = PBXFileReference; fileEncoding = 4; lastKnownFileType = sourcecode.c.h; path = AFHTTPRequestOperation.h; sourceTree = "<group>"; };
		A482DA5D15E8E3D5004ED689 /* AFHTTPRequestOperation.m */ = {isa = PBXFileReference; fileEncoding = 4; lastKnownFileType = sourcecode.c.objc; path = AFHTTPRequestOperation.m; sourceTree = "<group>"; };
		A482DA5E15E8E3D5004ED689 /* AFImageRequestOperation.h */ = {isa = PBXFileReference; fileEncoding = 4; lastKnownFileType = sourcecode.c.h; path = AFImageRequestOperation.h; sourceTree = "<group>"; };
		A482DA5F15E8E3D5004ED689 /* AFImageRequestOperation.m */ = {isa = PBXFileReference; fileEncoding = 4; lastKnownFileType = sourcecode.c.objc; path = AFImageRequestOperation.m; sourceTree = "<group>"; };
		A482DA6015E8E3D5004ED689 /* AFJSONRequestOperation.h */ = {isa = PBXFileReference; fileEncoding = 4; lastKnownFileType = sourcecode.c.h; path = AFJSONRequestOperation.h; sourceTree = "<group>"; };
		A482DA6115E8E3D5004ED689 /* AFJSONRequestOperation.m */ = {isa = PBXFileReference; fileEncoding = 4; lastKnownFileType = sourcecode.c.objc; path = AFJSONRequestOperation.m; sourceTree = "<group>"; };
		A482DA6215E8E3D5004ED689 /* AFJSONUtilities.h */ = {isa = PBXFileReference; fileEncoding = 4; lastKnownFileType = sourcecode.c.h; path = AFJSONUtilities.h; sourceTree = "<group>"; };
		A482DA6315E8E3D5004ED689 /* AFJSONUtilities.m */ = {isa = PBXFileReference; fileEncoding = 4; lastKnownFileType = sourcecode.c.objc; path = AFJSONUtilities.m; sourceTree = "<group>"; };
		A482DA6415E8E3D5004ED689 /* AFNetworkActivityIndicatorManager.h */ = {isa = PBXFileReference; fileEncoding = 4; lastKnownFileType = sourcecode.c.h; path = AFNetworkActivityIndicatorManager.h; sourceTree = "<group>"; };
		A482DA6515E8E3D5004ED689 /* AFNetworkActivityIndicatorManager.m */ = {isa = PBXFileReference; fileEncoding = 4; lastKnownFileType = sourcecode.c.objc; path = AFNetworkActivityIndicatorManager.m; sourceTree = "<group>"; };
		A482DA6615E8E3D5004ED689 /* AFNetworking.h */ = {isa = PBXFileReference; fileEncoding = 4; lastKnownFileType = sourcecode.c.h; path = AFNetworking.h; sourceTree = "<group>"; };
		A482DA6715E8E3D5004ED689 /* AFPropertyListRequestOperation.h */ = {isa = PBXFileReference; fileEncoding = 4; lastKnownFileType = sourcecode.c.h; path = AFPropertyListRequestOperation.h; sourceTree = "<group>"; };
		A482DA6815E8E3D5004ED689 /* AFPropertyListRequestOperation.m */ = {isa = PBXFileReference; fileEncoding = 4; lastKnownFileType = sourcecode.c.objc; path = AFPropertyListRequestOperation.m; sourceTree = "<group>"; };
		A482DA6915E8E3D5004ED689 /* AFURLConnectionOperation.h */ = {isa = PBXFileReference; fileEncoding = 4; lastKnownFileType = sourcecode.c.h; path = AFURLConnectionOperation.h; sourceTree = "<group>"; };
		A482DA6A15E8E3D5004ED689 /* AFURLConnectionOperation.m */ = {isa = PBXFileReference; fileEncoding = 4; lastKnownFileType = sourcecode.c.objc; path = AFURLConnectionOperation.m; sourceTree = "<group>"; };
		A482DA6B15E8E3D5004ED689 /* AFXMLRequestOperation.h */ = {isa = PBXFileReference; fileEncoding = 4; lastKnownFileType = sourcecode.c.h; path = AFXMLRequestOperation.h; sourceTree = "<group>"; };
		A482DA6C15E8E3D5004ED689 /* AFXMLRequestOperation.m */ = {isa = PBXFileReference; fileEncoding = 4; lastKnownFileType = sourcecode.c.objc; path = AFXMLRequestOperation.m; sourceTree = "<group>"; };
		A482DA6D15E8E3D5004ED689 /* UIImageView+AFNetworking.h */ = {isa = PBXFileReference; fileEncoding = 4; lastKnownFileType = sourcecode.c.h; path = "UIImageView+AFNetworking.h"; sourceTree = "<group>"; };
		A482DA6E15E8E3D5004ED689 /* UIImageView+AFNetworking.m */ = {isa = PBXFileReference; fileEncoding = 4; lastKnownFileType = sourcecode.c.objc; path = "UIImageView+AFNetworking.m"; sourceTree = "<group>"; };
		A482DA7915E8E497004ED689 /* STRStripeHTTPClient.h */ = {isa = PBXFileReference; fileEncoding = 4; lastKnownFileType = sourcecode.c.h; path = STRStripeHTTPClient.h; sourceTree = "<group>"; };
		A482DA7A15E8E497004ED689 /* STRStripeHTTPClient.m */ = {isa = PBXFileReference; fileEncoding = 4; lastKnownFileType = sourcecode.c.objc; path = STRStripeHTTPClient.m; sourceTree = "<group>"; };
/* End PBXFileReference section */

/* Begin PBXFrameworksBuildPhase section */
		A482DA3915E8E055004ED689 /* Frameworks */ = {
			isa = PBXFrameworksBuildPhase;
			buildActionMask = 2147483647;
			files = (
				A482DA4115E8E055004ED689 /* UIKit.framework in Frameworks */,
				A482DA4315E8E055004ED689 /* Foundation.framework in Frameworks */,
				A482DA4515E8E055004ED689 /* CoreGraphics.framework in Frameworks */,
			);
			runOnlyForDeploymentPostprocessing = 0;
		};
/* End PBXFrameworksBuildPhase section */

/* Begin PBXGroup section */
		A473E2C915E90EA000F2B4AF /* Objects */ = {
			isa = PBXGroup;
			children = (
				A473E2E415E9368000F2B4AF /* Charge */,
				A473E2CF15E90FB700F2B4AF /* Card */,
				A473E2CB15E90EAD00F2B4AF /* Customer */,
			);
			name = Objects;
			sourceTree = "<group>";
		};
		A473E2CB15E90EAD00F2B4AF /* Customer */ = {
			isa = PBXGroup;
			children = (
				A473E2CC15E90ED500F2B4AF /* STRCustomer.h */,
				A473E2CD15E90ED500F2B4AF /* STRCustomer.m */,
			);
			name = Customer;
			sourceTree = "<group>";
		};
		A473E2CF15E90FB700F2B4AF /* Card */ = {
			isa = PBXGroup;
			children = (
				A473E2D015E90FC600F2B4AF /* STRCard.h */,
				A473E2D115E90FC600F2B4AF /* STRCard.m */,
			);
			name = Card;
			sourceTree = "<group>";
		};
		A473E2D715E9198B00F2B4AF /* Xibs */ = {
			isa = PBXGroup;
			children = (
				A473E2F515E9546200F2B4AF /* STRNewCustomerChargeViewController.xib */,
				A473E2EF15E94A6000F2B4AF /* STRCustomerChargesViewController.xib */,
				A473E2DC15E919DB00F2B4AF /* STRCustomersViewController.xib */,
			);
			name = Xibs;
			sourceTree = "<group>";
		};
		A473E2D815E9199500F2B4AF /* View Controllers */ = {
			isa = PBXGroup;
			children = (
				A473E2F215E9543F00F2B4AF /* New Customer Charge */,
				A473E2EC15E94A4200F2B4AF /* Customer Charges */,
				A473E2D915E919A600F2B4AF /* Customers */,
			);
			name = "View Controllers";
			sourceTree = "<group>";
		};
		A473E2D915E919A600F2B4AF /* Customers */ = {
			isa = PBXGroup;
			children = (
				A473E2DA15E919DB00F2B4AF /* STRCustomersViewController.h */,
				A473E2DB15E919DB00F2B4AF /* STRCustomersViewController.m */,
			);
			name = Customers;
			sourceTree = "<group>";
		};
		A473E2DF15E9290D00F2B4AF /* Views */ = {
			isa = PBXGroup;
			children = (
				A473E2E015E9291500F2B4AF /* Loading View */,
			);
			name = Views;
			sourceTree = "<group>";
		};
		A473E2E015E9291500F2B4AF /* Loading View */ = {
			isa = PBXGroup;
			children = (
				A473E2E115E9293E00F2B4AF /* STRLoadingView.h */,
				A473E2E215E9293E00F2B4AF /* STRLoadingView.m */,
			);
			name = "Loading View";
			sourceTree = "<group>";
		};
		A473E2E415E9368000F2B4AF /* Charge */ = {
			isa = PBXGroup;
			children = (
				A473E2E515E9387D00F2B4AF /* STRCharge.h */,
				A473E2E615E9387D00F2B4AF /* STRCharge.m */,
			);
			name = Charge;
			sourceTree = "<group>";
		};
		A473E2EC15E94A4200F2B4AF /* Customer Charges */ = {
			isa = PBXGroup;
			children = (
				A473E2ED15E94A6000F2B4AF /* STRCustomerChargesViewController.h */,
				A473E2EE15E94A6000F2B4AF /* STRCustomerChargesViewController.m */,
			);
			name = "Customer Charges";
			sourceTree = "<group>";
		};
		A473E2F215E9543F00F2B4AF /* New Customer Charge */ = {
			isa = PBXGroup;
			children = (
				A473E2F315E9546200F2B4AF /* STRNewCustomerChargeViewController.h */,
				A473E2F415E9546200F2B4AF /* STRNewCustomerChargeViewController.m */,
			);
			name = "New Customer Charge";
			sourceTree = "<group>";
		};
		A482DA3115E8E055004ED689 = {
			isa = PBXGroup;
			children = (
				A473E2FA15E9622C00F2B4AF /* README.md */,
				A482DA4615E8E055004ED689 /* StripeDemo */,
				A482DA3F15E8E055004ED689 /* Frameworks */,
				A482DA3D15E8E055004ED689 /* Products */,
			);
			sourceTree = "<group>";
		};
		A482DA3D15E8E055004ED689 /* Products */ = {
			isa = PBXGroup;
			children = (
				A482DA3C15E8E055004ED689 /* StripeDemo.app */,
			);
			name = Products;
			sourceTree = "<group>";
		};
		A482DA3F15E8E055004ED689 /* Frameworks */ = {
			isa = PBXGroup;
			children = (
				A482DA4015E8E055004ED689 /* UIKit.framework */,
				A482DA4215E8E055004ED689 /* Foundation.framework */,
				A482DA4415E8E055004ED689 /* CoreGraphics.framework */,
			);
			name = Frameworks;
			sourceTree = "<group>";
		};
		A482DA4615E8E055004ED689 /* StripeDemo */ = {
			isa = PBXGroup;
			children = (
				A482DA4F15E8E055004ED689 /* STRAppDelegate.h */,
				A482DA5015E8E055004ED689 /* STRAppDelegate.m */,
				A473E2D815E9199500F2B4AF /* View Controllers */,
				A473E2DF15E9290D00F2B4AF /* Views */,
				A473E2D715E9198B00F2B4AF /* Xibs */,
				A482DA5715E8E060004ED689 /* Stripe */,
				A482DA4715E8E055004ED689 /* Supporting Files */,
			);
			path = StripeDemo;
			sourceTree = "<group>";
		};
		A482DA4715E8E055004ED689 /* Supporting Files */ = {
			isa = PBXGroup;
			children = (
				A482DA4815E8E055004ED689 /* StripeDemo-Info.plist */,
				A482DA4915E8E055004ED689 /* InfoPlist.strings */,
				A482DA4C15E8E055004ED689 /* main.m */,
				A482DA4E15E8E055004ED689 /* StripeDemo-Prefix.pch */,
				A473E2F815E960A200F2B4AF /* StripePublishableKey */,
			);
			name = "Supporting Files";
			sourceTree = "<group>";
		};
		A482DA5715E8E060004ED689 /* Stripe */ = {
			isa = PBXGroup;
			children = (
				A482DA7915E8E497004ED689 /* STRStripeHTTPClient.h */,
				A482DA7A15E8E497004ED689 /* STRStripeHTTPClient.m */,
				A473E2C915E90EA000F2B4AF /* Objects */,
				A482DA5815E8E3B5004ED689 /* Vendor */,
			);
			name = Stripe;
			sourceTree = "<group>";
		};
		A482DA5815E8E3B5004ED689 /* Vendor */ = {
			isa = PBXGroup;
			children = (
				A482DA5915E8E3D5004ED689 /* AFNetworking */,
			);
			name = Vendor;
			sourceTree = "<group>";
		};
		A482DA5915E8E3D5004ED689 /* AFNetworking */ = {
			isa = PBXGroup;
			children = (
				A482DA5A15E8E3D5004ED689 /* AFHTTPClient.h */,
				A482DA5B15E8E3D5004ED689 /* AFHTTPClient.m */,
				A482DA5C15E8E3D5004ED689 /* AFHTTPRequestOperation.h */,
				A482DA5D15E8E3D5004ED689 /* AFHTTPRequestOperation.m */,
				A482DA5E15E8E3D5004ED689 /* AFImageRequestOperation.h */,
				A482DA5F15E8E3D5004ED689 /* AFImageRequestOperation.m */,
				A482DA6015E8E3D5004ED689 /* AFJSONRequestOperation.h */,
				A482DA6115E8E3D5004ED689 /* AFJSONRequestOperation.m */,
				A482DA6215E8E3D5004ED689 /* AFJSONUtilities.h */,
				A482DA6315E8E3D5004ED689 /* AFJSONUtilities.m */,
				A482DA6415E8E3D5004ED689 /* AFNetworkActivityIndicatorManager.h */,
				A482DA6515E8E3D5004ED689 /* AFNetworkActivityIndicatorManager.m */,
				A482DA6615E8E3D5004ED689 /* AFNetworking.h */,
				A482DA6715E8E3D5004ED689 /* AFPropertyListRequestOperation.h */,
				A482DA6815E8E3D5004ED689 /* AFPropertyListRequestOperation.m */,
				A482DA6915E8E3D5004ED689 /* AFURLConnectionOperation.h */,
				A482DA6A15E8E3D5004ED689 /* AFURLConnectionOperation.m */,
				A482DA6B15E8E3D5004ED689 /* AFXMLRequestOperation.h */,
				A482DA6C15E8E3D5004ED689 /* AFXMLRequestOperation.m */,
				A482DA6D15E8E3D5004ED689 /* UIImageView+AFNetworking.h */,
				A482DA6E15E8E3D5004ED689 /* UIImageView+AFNetworking.m */,
			);
			path = AFNetworking;
			sourceTree = "<group>";
		};
/* End PBXGroup section */

/* Begin PBXNativeTarget section */
		A482DA3B15E8E055004ED689 /* StripeDemo */ = {
			isa = PBXNativeTarget;
			buildConfigurationList = A482DA5415E8E055004ED689 /* Build configuration list for PBXNativeTarget "StripeDemo" */;
			buildPhases = (
				A482DA3815E8E055004ED689 /* Sources */,
				A482DA3915E8E055004ED689 /* Frameworks */,
				A482DA3A15E8E055004ED689 /* Resources */,
			);
			buildRules = (
			);
			dependencies = (
			);
			name = StripeDemo;
			productName = StripeDemo;
			productReference = A482DA3C15E8E055004ED689 /* StripeDemo.app */;
			productType = "com.apple.product-type.application";
		};
/* End PBXNativeTarget section */

/* Begin PBXProject section */
		A482DA3315E8E055004ED689 /* Project object */ = {
			isa = PBXProject;
			attributes = {
				CLASSPREFIX = STR;
				LastUpgradeCheck = 0440;
				ORGANIZATIONNAME = "Red Davis";
			};
			buildConfigurationList = A482DA3615E8E055004ED689 /* Build configuration list for PBXProject "StripeDemo" */;
			compatibilityVersion = "Xcode 3.2";
			developmentRegion = English;
			hasScannedForEncodings = 0;
			knownRegions = (
				en,
			);
			mainGroup = A482DA3115E8E055004ED689;
			productRefGroup = A482DA3D15E8E055004ED689 /* Products */;
			projectDirPath = "";
			projectRoot = "";
			targets = (
				A482DA3B15E8E055004ED689 /* StripeDemo */,
			);
		};
/* End PBXProject section */

/* Begin PBXResourcesBuildPhase section */
		A482DA3A15E8E055004ED689 /* Resources */ = {
			isa = PBXResourcesBuildPhase;
			buildActionMask = 2147483647;
			files = (
				A482DA4B15E8E055004ED689 /* InfoPlist.strings in Resources */,
				A473E2DE15E919DB00F2B4AF /* STRCustomersViewController.xib in Resources */,
				A473E2F115E94A6000F2B4AF /* STRCustomerChargesViewController.xib in Resources */,
				A473E2F715E9546200F2B4AF /* STRNewCustomerChargeViewController.xib in Resources */,
				A473E2F915E960A200F2B4AF /* StripePublishableKey in Resources */,
				A473E2FB15E9622C00F2B4AF /* README.md in Resources */,
			);
			runOnlyForDeploymentPostprocessing = 0;
		};
/* End PBXResourcesBuildPhase section */

/* Begin PBXSourcesBuildPhase section */
		A482DA3815E8E055004ED689 /* Sources */ = {
			isa = PBXSourcesBuildPhase;
			buildActionMask = 2147483647;
			files = (
				A482DA4D15E8E055004ED689 /* main.m in Sources */,
				A482DA5115E8E055004ED689 /* STRAppDelegate.m in Sources */,
				A482DA6F15E8E3D5004ED689 /* AFHTTPClient.m in Sources */,
				A482DA7015E8E3D5004ED689 /* AFHTTPRequestOperation.m in Sources */,
				A482DA7115E8E3D5004ED689 /* AFImageRequestOperation.m in Sources */,
				A482DA7215E8E3D5004ED689 /* AFJSONRequestOperation.m in Sources */,
				A482DA7315E8E3D5004ED689 /* AFJSONUtilities.m in Sources */,
				A482DA7415E8E3D5004ED689 /* AFNetworkActivityIndicatorManager.m in Sources */,
				A482DA7515E8E3D5004ED689 /* AFPropertyListRequestOperation.m in Sources */,
				A482DA7615E8E3D5004ED689 /* AFURLConnectionOperation.m in Sources */,
				A482DA7715E8E3D5004ED689 /* AFXMLRequestOperation.m in Sources */,
				A482DA7815E8E3D5004ED689 /* UIImageView+AFNetworking.m in Sources */,
				A482DA7B15E8E497004ED689 /* STRStripeHTTPClient.m in Sources */,
				A473E2CE15E90ED500F2B4AF /* STRCustomer.m in Sources */,
				A473E2D215E90FC600F2B4AF /* STRCard.m in Sources */,
				A473E2DD15E919DB00F2B4AF /* STRCustomersViewController.m in Sources */,
				A473E2E315E9293E00F2B4AF /* STRLoadingView.m in Sources */,
				A473E2E715E9387D00F2B4AF /* STRCharge.m in Sources */,
				A473E2F015E94A6000F2B4AF /* STRCustomerChargesViewController.m in Sources */,
				A473E2F615E9546200F2B4AF /* STRNewCustomerChargeViewController.m in Sources */,
			);
			runOnlyForDeploymentPostprocessing = 0;
		};
/* End PBXSourcesBuildPhase section */

/* Begin PBXVariantGroup section */
		A482DA4915E8E055004ED689 /* InfoPlist.strings */ = {
			isa = PBXVariantGroup;
			children = (
				A482DA4A15E8E055004ED689 /* en */,
			);
			name = InfoPlist.strings;
			sourceTree = "<group>";
		};
/* End PBXVariantGroup section */

/* Begin XCBuildConfiguration section */
		A482DA5215E8E055004ED689 /* Debug */ = {
			isa = XCBuildConfiguration;
			buildSettings = {
				ALWAYS_SEARCH_USER_PATHS = NO;
				ARCHS = "$(ARCHS_STANDARD_32_BIT)";
				CLANG_CXX_LANGUAGE_STANDARD = "gnu++0x";
				CLANG_ENABLE_OBJC_ARC = YES;
				CLANG_WARN__DUPLICATE_METHOD_MATCH = YES;
				"CODE_SIGN_IDENTITY[sdk=iphoneos*]" = "iPhone Developer";
				COPY_PHASE_STRIP = NO;
				GCC_C_LANGUAGE_STANDARD = gnu99;
				GCC_DYNAMIC_NO_PIC = NO;
				GCC_OPTIMIZATION_LEVEL = 0;
				GCC_PREPROCESSOR_DEFINITIONS = (
					"DEBUG=1",
					"$(inherited)",
				);
				GCC_SYMBOLS_PRIVATE_EXTERN = NO;
				GCC_VERSION = com.apple.compilers.llvm.clang.1_0;
				GCC_WARN_ABOUT_RETURN_TYPE = YES;
				GCC_WARN_UNINITIALIZED_AUTOS = YES;
				GCC_WARN_UNUSED_VARIABLE = YES;
				IPHONEOS_DEPLOYMENT_TARGET = 5.1;
				SDKROOT = iphoneos;
			};
			name = Debug;
		};
		A482DA5315E8E055004ED689 /* Release */ = {
			isa = XCBuildConfiguration;
			buildSettings = {
				ALWAYS_SEARCH_USER_PATHS = NO;
				ARCHS = "$(ARCHS_STANDARD_32_BIT)";
				CLANG_CXX_LANGUAGE_STANDARD = "gnu++0x";
				CLANG_ENABLE_OBJC_ARC = YES;
				CLANG_WARN__DUPLICATE_METHOD_MATCH = YES;
				"CODE_SIGN_IDENTITY[sdk=iphoneos*]" = "iPhone Developer";
				COPY_PHASE_STRIP = YES;
				GCC_C_LANGUAGE_STANDARD = gnu99;
				GCC_VERSION = com.apple.compilers.llvm.clang.1_0;
				GCC_WARN_ABOUT_RETURN_TYPE = YES;
				GCC_WARN_UNINITIALIZED_AUTOS = YES;
				GCC_WARN_UNUSED_VARIABLE = YES;
				IPHONEOS_DEPLOYMENT_TARGET = 5.1;
				OTHER_CFLAGS = "-DNS_BLOCK_ASSERTIONS=1";
				SDKROOT = iphoneos;
				VALIDATE_PRODUCT = YES;
			};
			name = Release;
		};
		A482DA5515E8E055004ED689 /* Debug */ = {
			isa = XCBuildConfiguration;
			buildSettings = {
				GCC_PRECOMPILE_PREFIX_HEADER = YES;
				GCC_PREFIX_HEADER = "StripeDemo/StripeDemo-Prefix.pch";
				INFOPLIST_FILE = "StripeDemo/StripeDemo-Info.plist";
				PRODUCT_NAME = "$(TARGET_NAME)";
				WRAPPER_EXTENSION = app;
			};
			name = Debug;
		};
		A482DA5615E8E055004ED689 /* Release */ = {
			isa = XCBuildConfiguration;
			buildSettings = {
				GCC_PRECOMPILE_PREFIX_HEADER = YES;
				GCC_PREFIX_HEADER = "StripeDemo/StripeDemo-Prefix.pch";
				INFOPLIST_FILE = "StripeDemo/StripeDemo-Info.plist";
				PRODUCT_NAME = "$(TARGET_NAME)";
				WRAPPER_EXTENSION = app;
			};
			name = Release;
		};
/* End XCBuildConfiguration section */

/* Begin XCConfigurationList section */
		A482DA3615E8E055004ED689 /* Build configuration list for PBXProject "StripeDemo" */ = {
			isa = XCConfigurationList;
			buildConfigurations = (
				A482DA5215E8E055004ED689 /* Debug */,
				A482DA5315E8E055004ED689 /* Release */,
			);
			defaultConfigurationIsVisible = 0;
			defaultConfigurationName = Release;
		};
		A482DA5415E8E055004ED689 /* Build configuration list for PBXNativeTarget "StripeDemo" */ = {
			isa = XCConfigurationList;
			buildConfigurations = (
				A482DA5515E8E055004ED689 /* Debug */,
				A482DA5615E8E055004ED689 /* Release */,
			);
			defaultConfigurationIsVisible = 0;
			defaultConfigurationName = Release;
		};
/* End XCConfigurationList section */
	};
	rootObject = A482DA3315E8E055004ED689 /* Project object */;
}
