// !$*UTF8*$!
{
	archiveVersion = 1;
	classes = {
	};
	objectVersion = 46;
	objects = {

/* Begin PBXBuildFile section */
		562BF1A7781C4176AA5788F0 /* libPods.a in Frameworks */ = {isa = PBXBuildFile; fileRef = FF13FB23C59040ADBB3B824E /* libPods.a */; };
		A473E2DD15E919DB00F2B4AF /* STRCustomersViewController.m in Sources */ = {isa = PBXBuildFile; fileRef = A473E2DB15E919DB00F2B4AF /* STRCustomersViewController.m */; };
		A473E2DE15E919DB00F2B4AF /* STRCustomersViewController.xib in Resources */ = {isa = PBXBuildFile; fileRef = A473E2DC15E919DB00F2B4AF /* STRCustomersViewController.xib */; };
		A473E2E315E9293E00F2B4AF /* STRLoadingView.m in Sources */ = {isa = PBXBuildFile; fileRef = A473E2E215E9293E00F2B4AF /* STRLoadingView.m */; };
		A473E2F015E94A6000F2B4AF /* STRCustomerChargesViewController.m in Sources */ = {isa = PBXBuildFile; fileRef = A473E2EE15E94A6000F2B4AF /* STRCustomerChargesViewController.m */; };
		A473E2F115E94A6000F2B4AF /* STRCustomerChargesViewController.xib in Resources */ = {isa = PBXBuildFile; fileRef = A473E2EF15E94A6000F2B4AF /* STRCustomerChargesViewController.xib */; };
		A473E2F615E9546200F2B4AF /* STRNewCustomerChargeViewController.m in Sources */ = {isa = PBXBuildFile; fileRef = A473E2F415E9546200F2B4AF /* STRNewCustomerChargeViewController.m */; };
		A473E2F715E9546200F2B4AF /* STRNewCustomerChargeViewController.xib in Resources */ = {isa = PBXBuildFile; fileRef = A473E2F515E9546200F2B4AF /* STRNewCustomerChargeViewController.xib */; };
		A473E2F915E960A200F2B4AF /* StripePublishableKey in Resources */ = {isa = PBXBuildFile; fileRef = A473E2F815E960A200F2B4AF /* StripePublishableKey */; };
		A473E2FB15E9622C00F2B4AF /* README.md in Resources */ = {isa = PBXBuildFile; fileRef = A473E2FA15E9622C00F2B4AF /* README.md */; };
		A473E37615EB906D00F2B4AF /* LICENSE in Resources */ = {isa = PBXBuildFile; fileRef = A473E36D15EB906D00F2B4AF /* LICENSE */; };
		A473E37715EB906D00F2B4AF /* STRCard.m in Sources */ = {isa = PBXBuildFile; fileRef = A473E36F15EB906D00F2B4AF /* STRCard.m */; };
		A473E37815EB906D00F2B4AF /* STRCharge.m in Sources */ = {isa = PBXBuildFile; fileRef = A473E37115EB906D00F2B4AF /* STRCharge.m */; };
		A473E37915EB906D00F2B4AF /* STRCustomer.m in Sources */ = {isa = PBXBuildFile; fileRef = A473E37315EB906D00F2B4AF /* STRCustomer.m */; };
		A473E37A15EB906D00F2B4AF /* STRStripeHTTPClient.m in Sources */ = {isa = PBXBuildFile; fileRef = A473E37515EB906D00F2B4AF /* STRStripeHTTPClient.m */; };
		A482DA4115E8E055004ED689 /* UIKit.framework in Frameworks */ = {isa = PBXBuildFile; fileRef = A482DA4015E8E055004ED689 /* UIKit.framework */; };
		A482DA4315E8E055004ED689 /* Foundation.framework in Frameworks */ = {isa = PBXBuildFile; fileRef = A482DA4215E8E055004ED689 /* Foundation.framework */; };
		A482DA4515E8E055004ED689 /* CoreGraphics.framework in Frameworks */ = {isa = PBXBuildFile; fileRef = A482DA4415E8E055004ED689 /* CoreGraphics.framework */; };
		A482DA4B15E8E055004ED689 /* InfoPlist.strings in Resources */ = {isa = PBXBuildFile; fileRef = A482DA4915E8E055004ED689 /* InfoPlist.strings */; };
		A482DA4D15E8E055004ED689 /* main.m in Sources */ = {isa = PBXBuildFile; fileRef = A482DA4C15E8E055004ED689 /* main.m */; };
		A482DA5115E8E055004ED689 /* STRAppDelegate.m in Sources */ = {isa = PBXBuildFile; fileRef = A482DA5015E8E055004ED689 /* STRAppDelegate.m */; };
/* End PBXBuildFile section */

/* Begin PBXFileReference section */
		6B6660A721D04F8B9FB13A32 /* Pods.xcconfig */ = {isa = PBXFileReference; includeInIndex = 1; lastKnownFileType = text.xcconfig; name = Pods.xcconfig; path = Pods/Pods.xcconfig; sourceTree = SOURCE_ROOT; };
		A473E2DA15E919DB00F2B4AF /* STRCustomersViewController.h */ = {isa = PBXFileReference; fileEncoding = 4; lastKnownFileType = sourcecode.c.h; path = STRCustomersViewController.h; sourceTree = "<group>"; };
		A473E2DB15E919DB00F2B4AF /* STRCustomersViewController.m */ = {isa = PBXFileReference; fileEncoding = 4; lastKnownFileType = sourcecode.c.objc; path = STRCustomersViewController.m; sourceTree = "<group>"; };
		A473E2DC15E919DB00F2B4AF /* STRCustomersViewController.xib */ = {isa = PBXFileReference; fileEncoding = 4; lastKnownFileType = file.xib; path = STRCustomersViewController.xib; sourceTree = "<group>"; };
		A473E2E115E9293E00F2B4AF /* STRLoadingView.h */ = {isa = PBXFileReference; fileEncoding = 4; lastKnownFileType = sourcecode.c.h; path = STRLoadingView.h; sourceTree = "<group>"; };
		A473E2E215E9293E00F2B4AF /* STRLoadingView.m */ = {isa = PBXFileReference; fileEncoding = 4; lastKnownFileType = sourcecode.c.objc; path = STRLoadingView.m; sourceTree = "<group>"; };
		A473E2ED15E94A6000F2B4AF /* STRCustomerChargesViewController.h */ = {isa = PBXFileReference; fileEncoding = 4; lastKnownFileType = sourcecode.c.h; path = STRCustomerChargesViewController.h; sourceTree = "<group>"; };
		A473E2EE15E94A6000F2B4AF /* STRCustomerChargesViewController.m */ = {isa = PBXFileReference; fileEncoding = 4; lastKnownFileType = sourcecode.c.objc; path = STRCustomerChargesViewController.m; sourceTree = "<group>"; };
		A473E2EF15E94A6000F2B4AF /* STRCustomerChargesViewController.xib */ = {isa = PBXFileReference; fileEncoding = 4; lastKnownFileType = file.xib; path = STRCustomerChargesViewController.xib; sourceTree = "<group>"; };
		A473E2F315E9546200F2B4AF /* STRNewCustomerChargeViewController.h */ = {isa = PBXFileReference; fileEncoding = 4; lastKnownFileType = sourcecode.c.h; path = STRNewCustomerChargeViewController.h; sourceTree = "<group>"; };
		A473E2F415E9546200F2B4AF /* STRNewCustomerChargeViewController.m */ = {isa = PBXFileReference; fileEncoding = 4; lastKnownFileType = sourcecode.c.objc; path = STRNewCustomerChargeViewController.m; sourceTree = "<group>"; };
		A473E2F515E9546200F2B4AF /* STRNewCustomerChargeViewController.xib */ = {isa = PBXFileReference; fileEncoding = 4; lastKnownFileType = file.xib; path = STRNewCustomerChargeViewController.xib; sourceTree = "<group>"; };
		A473E2F815E960A200F2B4AF /* StripePublishableKey */ = {isa = PBXFileReference; fileEncoding = 4; lastKnownFileType = text; path = StripePublishableKey; sourceTree = "<group>"; };
		A473E2FA15E9622C00F2B4AF /* README.md */ = {isa = PBXFileReference; fileEncoding = 4; lastKnownFileType = text; path = README.md; sourceTree = "<group>"; };
		A473E36D15EB906D00F2B4AF /* LICENSE */ = {isa = PBXFileReference; fileEncoding = 4; lastKnownFileType = text; path = LICENSE; sourceTree = "<group>"; };
		A473E36E15EB906D00F2B4AF /* STRCard.h */ = {isa = PBXFileReference; fileEncoding = 4; lastKnownFileType = sourcecode.c.h; path = STRCard.h; sourceTree = "<group>"; };
		A473E36F15EB906D00F2B4AF /* STRCard.m */ = {isa = PBXFileReference; fileEncoding = 4; lastKnownFileType = sourcecode.c.objc; path = STRCard.m; sourceTree = "<group>"; };
		A473E37015EB906D00F2B4AF /* STRCharge.h */ = {isa = PBXFileReference; fileEncoding = 4; lastKnownFileType = sourcecode.c.h; path = STRCharge.h; sourceTree = "<group>"; };
		A473E37115EB906D00F2B4AF /* STRCharge.m */ = {isa = PBXFileReference; fileEncoding = 4; lastKnownFileType = sourcecode.c.objc; path = STRCharge.m; sourceTree = "<group>"; };
		A473E37215EB906D00F2B4AF /* STRCustomer.h */ = {isa = PBXFileReference; fileEncoding = 4; lastKnownFileType = sourcecode.c.h; path = STRCustomer.h; sourceTree = "<group>"; };
		A473E37315EB906D00F2B4AF /* STRCustomer.m */ = {isa = PBXFileReference; fileEncoding = 4; lastKnownFileType = sourcecode.c.objc; path = STRCustomer.m; sourceTree = "<group>"; };
		A473E37415EB906D00F2B4AF /* STRStripeHTTPClient.h */ = {isa = PBXFileReference; fileEncoding = 4; lastKnownFileType = sourcecode.c.h; path = STRStripeHTTPClient.h; sourceTree = "<group>"; };
		A473E37515EB906D00F2B4AF /* STRStripeHTTPClient.m */ = {isa = PBXFileReference; fileEncoding = 4; lastKnownFileType = sourcecode.c.objc; path = STRStripeHTTPClient.m; sourceTree = "<group>"; };
		A482DA3C15E8E055004ED689 /* StripeDemo.app */ = {isa = PBXFileReference; explicitFileType = wrapper.application; includeInIndex = 0; path = StripeDemo.app; sourceTree = BUILT_PRODUCTS_DIR; };
		A482DA4015E8E055004ED689 /* UIKit.framework */ = {isa = PBXFileReference; includeInIndex = 1; lastKnownFileType = wrapper.framework; name = UIKit.framework; path = System/Library/Frameworks/UIKit.framework; sourceTree = SDKROOT; };
		A482DA4215E8E055004ED689 /* Foundation.framework */ = {isa = PBXFileReference; includeInIndex = 1; lastKnownFileType = wrapper.framework; name = Foundation.framework; path = System/Library/Frameworks/Foundation.framework; sourceTree = SDKROOT; };
		A482DA4415E8E055004ED689 /* CoreGraphics.framework */ = {isa = PBXFileReference; includeInIndex = 1; lastKnownFileType = wrapper.framework; name = CoreGraphics.framework; path = System/Library/Frameworks/CoreGraphics.framework; sourceTree = SDKROOT; };
		A482DA4815E8E055004ED689 /* StripeDemo-Info.plist */ = {isa = PBXFileReference; lastKnownFileType = text.plist.xml; path = "StripeDemo-Info.plist"; sourceTree = "<group>"; };
		A482DA4A15E8E055004ED689 /* en */ = {isa = PBXFileReference; lastKnownFileType = text.plist.strings; name = en; path = en.lproj/InfoPlist.strings; sourceTree = "<group>"; };
		A482DA4C15E8E055004ED689 /* main.m */ = {isa = PBXFileReference; lastKnownFileType = sourcecode.c.objc; path = main.m; sourceTree = "<group>"; };
		A482DA4E15E8E055004ED689 /* StripeDemo-Prefix.pch */ = {isa = PBXFileReference; lastKnownFileType = sourcecode.c.h; path = "StripeDemo-Prefix.pch"; sourceTree = "<group>"; };
		A482DA4F15E8E055004ED689 /* STRAppDelegate.h */ = {isa = PBXFileReference; lastKnownFileType = sourcecode.c.h; path = STRAppDelegate.h; sourceTree = "<group>"; };
		A482DA5015E8E055004ED689 /* STRAppDelegate.m */ = {isa = PBXFileReference; lastKnownFileType = sourcecode.c.objc; path = STRAppDelegate.m; sourceTree = "<group>"; };
		FF13FB23C59040ADBB3B824E /* libPods.a */ = {isa = PBXFileReference; explicitFileType = archive.ar; includeInIndex = 0; path = libPods.a; sourceTree = BUILT_PRODUCTS_DIR; };
/* End PBXFileReference section */

/* Begin PBXFrameworksBuildPhase section */
		A482DA3915E8E055004ED689 /* Frameworks */ = {
			isa = PBXFrameworksBuildPhase;
			buildActionMask = 2147483647;
			files = (
				A482DA4115E8E055004ED689 /* UIKit.framework in Frameworks */,
				A482DA4315E8E055004ED689 /* Foundation.framework in Frameworks */,
				A482DA4515E8E055004ED689 /* CoreGraphics.framework in Frameworks */,
				562BF1A7781C4176AA5788F0 /* libPods.a in Frameworks */,
			);
			runOnlyForDeploymentPostprocessing = 0;
		};
/* End PBXFrameworksBuildPhase section */

/* Begin PBXGroup section */
		A473E2D715E9198B00F2B4AF /* Xibs */ = {
			isa = PBXGroup;
			children = (
				A473E2F515E9546200F2B4AF /* STRNewCustomerChargeViewController.xib */,
				A473E2EF15E94A6000F2B4AF /* STRCustomerChargesViewController.xib */,
				A473E2DC15E919DB00F2B4AF /* STRCustomersViewController.xib */,
			);
			name = Xibs;
			sourceTree = "<group>";
		};
		A473E2D815E9199500F2B4AF /* View Controllers */ = {
			isa = PBXGroup;
			children = (
				A473E2F215E9543F00F2B4AF /* New Customer Charge */,
				A473E2EC15E94A4200F2B4AF /* Customer Charges */,
				A473E2D915E919A600F2B4AF /* Customers */,
			);
			name = "View Controllers";
			sourceTree = "<group>";
		};
		A473E2D915E919A600F2B4AF /* Customers */ = {
			isa = PBXGroup;
			children = (
				A473E2DA15E919DB00F2B4AF /* STRCustomersViewController.h */,
				A473E2DB15E919DB00F2B4AF /* STRCustomersViewController.m */,
			);
			name = Customers;
			sourceTree = "<group>";
		};
		A473E2DF15E9290D00F2B4AF /* Views */ = {
			isa = PBXGroup;
			children = (
				A473E2E015E9291500F2B4AF /* Loading View */,
			);
			name = Views;
			sourceTree = "<group>";
		};
		A473E2E015E9291500F2B4AF /* Loading View */ = {
			isa = PBXGroup;
			children = (
				A473E2E115E9293E00F2B4AF /* STRLoadingView.h */,
				A473E2E215E9293E00F2B4AF /* STRLoadingView.m */,
			);
			name = "Loading View";
			sourceTree = "<group>";
		};
		A473E2EC15E94A4200F2B4AF /* Customer Charges */ = {
			isa = PBXGroup;
			children = (
				A473E2ED15E94A6000F2B4AF /* STRCustomerChargesViewController.h */,
				A473E2EE15E94A6000F2B4AF /* STRCustomerChargesViewController.m */,
			);
			name = "Customer Charges";
			sourceTree = "<group>";
		};
		A473E2F215E9543F00F2B4AF /* New Customer Charge */ = {
			isa = PBXGroup;
			children = (
				A473E2F315E9546200F2B4AF /* STRNewCustomerChargeViewController.h */,
				A473E2F415E9546200F2B4AF /* STRNewCustomerChargeViewController.m */,
			);
			name = "New Customer Charge";
			sourceTree = "<group>";
		};
		A473E36C15EB906D00F2B4AF /* Stripe */ = {
			isa = PBXGroup;
			children = (
				A473E36D15EB906D00F2B4AF /* LICENSE */,
				A473E36E15EB906D00F2B4AF /* STRCard.h */,
				A473E36F15EB906D00F2B4AF /* STRCard.m */,
				A473E37015EB906D00F2B4AF /* STRCharge.h */,
				A473E37115EB906D00F2B4AF /* STRCharge.m */,
				A473E37215EB906D00F2B4AF /* STRCustomer.h */,
				A473E37315EB906D00F2B4AF /* STRCustomer.m */,
				A473E37415EB906D00F2B4AF /* STRStripeHTTPClient.h */,
				A473E37515EB906D00F2B4AF /* STRStripeHTTPClient.m */,
			);
			path = Stripe;
			sourceTree = "<group>";
		};
		A482DA3115E8E055004ED689 = {
			isa = PBXGroup;
			children = (
				A473E2FA15E9622C00F2B4AF /* README.md */,
				A482DA4615E8E055004ED689 /* StripeDemo */,
				A482DA3F15E8E055004ED689 /* Frameworks */,
				A482DA3D15E8E055004ED689 /* Products */,
				6B6660A721D04F8B9FB13A32 /* Pods.xcconfig */,
			);
			sourceTree = "<group>";
		};
		A482DA3D15E8E055004ED689 /* Products */ = {
			isa = PBXGroup;
			children = (
				A482DA3C15E8E055004ED689 /* StripeDemo.app */,
			);
			name = Products;
			sourceTree = "<group>";
		};
		A482DA3F15E8E055004ED689 /* Frameworks */ = {
			isa = PBXGroup;
			children = (
				A482DA4015E8E055004ED689 /* UIKit.framework */,
				A482DA4215E8E055004ED689 /* Foundation.framework */,
				A482DA4415E8E055004ED689 /* CoreGraphics.framework */,
				FF13FB23C59040ADBB3B824E /* libPods.a */,
			);
			name = Frameworks;
			sourceTree = "<group>";
		};
		A482DA4615E8E055004ED689 /* StripeDemo */ = {
			isa = PBXGroup;
			children = (
				A482DA4F15E8E055004ED689 /* STRAppDelegate.h */,
				A482DA5015E8E055004ED689 /* STRAppDelegate.m */,
				A473E2D815E9199500F2B4AF /* View Controllers */,
				A473E2DF15E9290D00F2B4AF /* Views */,
				A473E2D715E9198B00F2B4AF /* Xibs */,
				A473E36C15EB906D00F2B4AF /* Stripe */,
				A482DA4715E8E055004ED689 /* Supporting Files */,
			);
			path = StripeDemo;
			sourceTree = "<group>";
		};
		A482DA4715E8E055004ED689 /* Supporting Files */ = {
			isa = PBXGroup;
			children = (
				A482DA4815E8E055004ED689 /* StripeDemo-Info.plist */,
				A482DA4915E8E055004ED689 /* InfoPlist.strings */,
				A482DA4C15E8E055004ED689 /* main.m */,
				A482DA4E15E8E055004ED689 /* StripeDemo-Prefix.pch */,
				A473E2F815E960A200F2B4AF /* StripePublishableKey */,
			);
			name = "Supporting Files";
			sourceTree = "<group>";
		};
/* End PBXGroup section */

/* Begin PBXNativeTarget section */
		A482DA3B15E8E055004ED689 /* StripeDemo */ = {
			isa = PBXNativeTarget;
			buildConfigurationList = A482DA5415E8E055004ED689 /* Build configuration list for PBXNativeTarget "StripeDemo" */;
			buildPhases = (
				A482DA3815E8E055004ED689 /* Sources */,
				A482DA3915E8E055004ED689 /* Frameworks */,
				A482DA3A15E8E055004ED689 /* Resources */,
				4D87ADF5B31B4C56AD6C3D37 /* Copy Pods Resources */,
			);
			buildRules = (
			);
			dependencies = (
			);
			name = StripeDemo;
			productName = StripeDemo;
			productReference = A482DA3C15E8E055004ED689 /* StripeDemo.app */;
			productType = "com.apple.product-type.application";
		};
/* End PBXNativeTarget section */

/* Begin PBXProject section */
		A482DA3315E8E055004ED689 /* Project object */ = {
			isa = PBXProject;
			attributes = {
				CLASSPREFIX = STR;
				LastUpgradeCheck = 0440;
				ORGANIZATIONNAME = "Red Davis";
			};
			buildConfigurationList = A482DA3615E8E055004ED689 /* Build configuration list for PBXProject "StripeDemo" */;
			compatibilityVersion = "Xcode 3.2";
			developmentRegion = English;
			hasScannedForEncodings = 0;
			knownRegions = (
				en,
			);
			mainGroup = A482DA3115E8E055004ED689;
			productRefGroup = A482DA3D15E8E055004ED689 /* Products */;
			projectDirPath = "";
			projectRoot = "";
			targets = (
				A482DA3B15E8E055004ED689 /* StripeDemo */,
			);
		};
/* End PBXProject section */

/* Begin PBXResourcesBuildPhase section */
		A482DA3A15E8E055004ED689 /* Resources */ = {
			isa = PBXResourcesBuildPhase;
			buildActionMask = 2147483647;
			files = (
				A482DA4B15E8E055004ED689 /* InfoPlist.strings in Resources */,
				A473E2DE15E919DB00F2B4AF /* STRCustomersViewController.xib in Resources */,
				A473E2F115E94A6000F2B4AF /* STRCustomerChargesViewController.xib in Resources */,
				A473E2F715E9546200F2B4AF /* STRNewCustomerChargeViewController.xib in Resources */,
				A473E2F915E960A200F2B4AF /* StripePublishableKey in Resources */,
				A473E2FB15E9622C00F2B4AF /* README.md in Resources */,
				A473E37615EB906D00F2B4AF /* LICENSE in Resources */,
			);
			runOnlyForDeploymentPostprocessing = 0;
		};
/* End PBXResourcesBuildPhase section */

/* Begin PBXShellScriptBuildPhase section */
		4D87ADF5B31B4C56AD6C3D37 /* Copy Pods Resources */ = {
			isa = PBXShellScriptBuildPhase;
			buildActionMask = 2147483647;
			files = (
			);
			inputPaths = (
			);
			name = "Copy Pods Resources";
			outputPaths = (
			);
			runOnlyForDeploymentPostprocessing = 0;
			shellPath = /bin/sh;
			shellScript = "\"${SRCROOT}/Pods/Pods-resources.sh\"\n";
		};
/* End PBXShellScriptBuildPhase section */

/* Begin PBXSourcesBuildPhase section */
		A482DA3815E8E055004ED689 /* Sources */ = {
			isa = PBXSourcesBuildPhase;
			buildActionMask = 2147483647;
			files = (
				A482DA4D15E8E055004ED689 /* main.m in Sources */,
				A482DA5115E8E055004ED689 /* STRAppDelegate.m in Sources */,
				A473E2DD15E919DB00F2B4AF /* STRCustomersViewController.m in Sources */,
				A473E2E315E9293E00F2B4AF /* STRLoadingView.m in Sources */,
				A473E2F015E94A6000F2B4AF /* STRCustomerChargesViewController.m in Sources */,
				A473E2F615E9546200F2B4AF /* STRNewCustomerChargeViewController.m in Sources */,
				A473E37715EB906D00F2B4AF /* STRCard.m in Sources */,
				A473E37815EB906D00F2B4AF /* STRCharge.m in Sources */,
				A473E37915EB906D00F2B4AF /* STRCustomer.m in Sources */,
				A473E37A15EB906D00F2B4AF /* STRStripeHTTPClient.m in Sources */,
			);
			runOnlyForDeploymentPostprocessing = 0;
		};
/* End PBXSourcesBuildPhase section */

/* Begin PBXVariantGroup section */
		A482DA4915E8E055004ED689 /* InfoPlist.strings */ = {
			isa = PBXVariantGroup;
			children = (
				A482DA4A15E8E055004ED689 /* en */,
			);
			name = InfoPlist.strings;
			sourceTree = "<group>";
		};
/* End PBXVariantGroup section */

/* Begin XCBuildConfiguration section */
		A482DA5215E8E055004ED689 /* Debug */ = {
			isa = XCBuildConfiguration;
			buildSettings = {
				ALWAYS_SEARCH_USER_PATHS = NO;
				ARCHS = "$(ARCHS_STANDARD_32_BIT)";
				CLANG_CXX_LANGUAGE_STANDARD = "gnu++0x";
				CLANG_ENABLE_OBJC_ARC = YES;
				CLANG_WARN__DUPLICATE_METHOD_MATCH = YES;
				"CODE_SIGN_IDENTITY[sdk=iphoneos*]" = "iPhone Developer";
				COPY_PHASE_STRIP = NO;
				GCC_C_LANGUAGE_STANDARD = gnu99;
				GCC_DYNAMIC_NO_PIC = NO;
				GCC_OPTIMIZATION_LEVEL = 0;
				GCC_PREPROCESSOR_DEFINITIONS = (
					"DEBUG=1",
					"$(inherited)",
				);
				GCC_SYMBOLS_PRIVATE_EXTERN = NO;
				GCC_VERSION = com.apple.compilers.llvm.clang.1_0;
				GCC_WARN_ABOUT_RETURN_TYPE = YES;
				GCC_WARN_UNINITIALIZED_AUTOS = YES;
				GCC_WARN_UNUSED_VARIABLE = YES;
				IPHONEOS_DEPLOYMENT_TARGET = 5.1;
				SDKROOT = iphoneos;
			};
			name = Debug;
		};
		A482DA5315E8E055004ED689 /* Release */ = {
			isa = XCBuildConfiguration;
			buildSettings = {
				ALWAYS_SEARCH_USER_PATHS = NO;
				ARCHS = "$(ARCHS_STANDARD_32_BIT)";
				CLANG_CXX_LANGUAGE_STANDARD = "gnu++0x";
				CLANG_ENABLE_OBJC_ARC = YES;
				CLANG_WARN__DUPLICATE_METHOD_MATCH = YES;
				"CODE_SIGN_IDENTITY[sdk=iphoneos*]" = "iPhone Developer";
				COPY_PHASE_STRIP = YES;
				GCC_C_LANGUAGE_STANDARD = gnu99;
				GCC_VERSION = com.apple.compilers.llvm.clang.1_0;
				GCC_WARN_ABOUT_RETURN_TYPE = YES;
				GCC_WARN_UNINITIALIZED_AUTOS = YES;
				GCC_WARN_UNUSED_VARIABLE = YES;
				IPHONEOS_DEPLOYMENT_TARGET = 5.1;
				OTHER_CFLAGS = "-DNS_BLOCK_ASSERTIONS=1";
				SDKROOT = iphoneos;
				VALIDATE_PRODUCT = YES;
			};
			name = Release;
		};
		A482DA5515E8E055004ED689 /* Debug */ = {
			isa = XCBuildConfiguration;
			baseConfigurationReference = 6B6660A721D04F8B9FB13A32 /* Pods.xcconfig */;
			buildSettings = {
				GCC_PRECOMPILE_PREFIX_HEADER = YES;
				GCC_PREFIX_HEADER = "StripeDemo/StripeDemo-Prefix.pch";
				INFOPLIST_FILE = "StripeDemo/StripeDemo-Info.plist";
				PRODUCT_NAME = "$(TARGET_NAME)";
				WRAPPER_EXTENSION = app;
			};
			name = Debug;
		};
		A482DA5615E8E055004ED689 /* Release */ = {
			isa = XCBuildConfiguration;
			baseConfigurationReference = 6B6660A721D04F8B9FB13A32 /* Pods.xcconfig */;
			buildSettings = {
				GCC_PRECOMPILE_PREFIX_HEADER = YES;
				GCC_PREFIX_HEADER = "StripeDemo/StripeDemo-Prefix.pch";
				INFOPLIST_FILE = "StripeDemo/StripeDemo-Info.plist";
				PRODUCT_NAME = "$(TARGET_NAME)";
				WRAPPER_EXTENSION = app;
			};
			name = Release;
		};
/* End XCBuildConfiguration section */

/* Begin XCConfigurationList section */
		A482DA3615E8E055004ED689 /* Build configuration list for PBXProject "StripeDemo" */ = {
			isa = XCConfigurationList;
			buildConfigurations = (
				A482DA5215E8E055004ED689 /* Debug */,
				A482DA5315E8E055004ED689 /* Release */,
			);
			defaultConfigurationIsVisible = 0;
			defaultConfigurationName = Release;
		};
		A482DA5415E8E055004ED689 /* Build configuration list for PBXNativeTarget "StripeDemo" */ = {
			isa = XCConfigurationList;
			buildConfigurations = (
				A482DA5515E8E055004ED689 /* Debug */,
				A482DA5615E8E055004ED689 /* Release */,
			);
			defaultConfigurationIsVisible = 0;
			defaultConfigurationName = Release;
		};
/* End XCConfigurationList section */
	};
	rootObject = A482DA3315E8E055004ED689 /* Project object */;
}
